
Microsoft Visual Studio Solution File, Format Version 12.00
# Visual Studio Version 17
VisualStudioVersion = 17.9.34607.119
MinimumVisualStudioVersion = 10.0.40219.1
Project("{888888A0-9F3D-457C-B088-3A5042F75D52}") = "mäng", "mäng.pyproj", "{701FCF47-C1C5-408A-BE07-418DC4BFAFE1}"
EndProject
Global
	GlobalSection(SolutionConfigurationPlatforms) = preSolution
		Debug|Any CPU = Debug|Any CPU
		Release|Any CPU = Release|Any CPU
	EndGlobalSection
	GlobalSection(ProjectConfigurationPlatforms) = postSolution
		{701FCF47-C1C5-408A-BE07-418DC4BFAFE1}.Debug|Any CPU.ActiveCfg = Debug|Any CPU
		{701FCF47-C1C5-408A-BE07-418DC4BFAFE1}.Release|Any CPU.ActiveCfg = Release|Any CPU
	EndGlobalSection
	GlobalSection(SolutionProperties) = preSolution
		HideSolutionNode = FALSE
	EndGlobalSection
	GlobalSection(ExtensibilityGlobals) = postSolution
		SolutionGuid = {C33259EC-C9ED-4D3B-A4E9-84EDC61C6DF7}
	EndGlobalSection
EndGlobal
